// !$*UTF8*$!
{
	archiveVersion = 1;
	classes = {
	};
	objectVersion = 56;
	objects = {

/* Begin PBXBuildFile section */
		33069C092D1FA2B000B2C033 /* Chain_LoopApp.swift in Sources */ = {isa = PBXBuildFile; fileRef = 33069C082D1FA2B000B2C033 /* Chain_LoopApp.swift */; };
		33069C0B2D1FA2B000B2C033 /* ContentView.swift in Sources */ = {isa = PBXBuildFile; fileRef = 33069C0A2D1FA2B000B2C033 /* ContentView.swift */; };
		33069C0D2D1FA2B400B2C033 /* Assets.xcassets in Resources */ = {isa = PBXBuildFile; fileRef = 33069C0C2D1FA2B400B2C033 /* Assets.xcassets */; };
		33069C102D1FA2B400B2C033 /* Preview Assets.xcassets in Resources */ = {isa = PBXBuildFile; fileRef = 33069C0F2D1FA2B400B2C033 /* Preview Assets.xcassets */; };
		33069C1A2D1FA2B600B2C033 /* Chain_LoopTests.swift in Sources */ = {isa = PBXBuildFile; fileRef = 33069C192D1FA2B600B2C033 /* Chain_LoopTests.swift */; };
		33069C242D1FA2B600B2C033 /* Chain_LoopUITests.swift in Sources */ = {isa = PBXBuildFile; fileRef = 33069C232D1FA2B600B2C033 /* Chain_LoopUITests.swift */; };
		33069C262D1FA2B600B2C033 /* Chain_LoopUITestsLaunchTests.swift in Sources */ = {isa = PBXBuildFile; fileRef = 33069C252D1FA2B600B2C033 /* Chain_LoopUITestsLaunchTests.swift */; };
		33069C3A2D200B6300B2C033 /* OnBoardingView.swift in Sources */ = {isa = PBXBuildFile; fileRef = 33069C392D200B6300B2C033 /* OnBoardingView.swift */; };
		33069C3C2D200CE500B2C033 /* OnBoardingCardView.swift in Sources */ = {isa = PBXBuildFile; fileRef = 33069C3B2D200CE500B2C033 /* OnBoardingCardView.swift */; };
		33069C3E2D200E2200B2C033 /* OnBoardModel.swift in Sources */ = {isa = PBXBuildFile; fileRef = 33069C3D2D200E2200B2C033 /* OnBoardModel.swift */; };
		33069C422D200F7700B2C033 /* OnBoardingViewModel.swift in Sources */ = {isa = PBXBuildFile; fileRef = 33069C412D200F7700B2C033 /* OnBoardingViewModel.swift */; };
		33069C442D2026A600B2C033 /* Color.swift in Sources */ = {isa = PBXBuildFile; fileRef = 33069C432D2026A600B2C033 /* Color.swift */; };
		33069C462D2029D500B2C033 /* Preview_Provider.swift in Sources */ = {isa = PBXBuildFile; fileRef = 33069C452D2029D500B2C033 /* Preview_Provider.swift */; };
		33175D4B2D25B51A00329CDB /* EditProfileViewModel.swift in Sources */ = {isa = PBXBuildFile; fileRef = 33175D4A2D25B51A00329CDB /* EditProfileViewModel.swift */; };
		33175D4D2D25B64F00329CDB /* ImageUploader.swift in Sources */ = {isa = PBXBuildFile; fileRef = 33175D4C2D25B64F00329CDB /* ImageUploader.swift */; };
		338B77602D257BF0008BE1B6 /* ProfileUserContentView.swift in Sources */ = {isa = PBXBuildFile; fileRef = 338B775F2D257BF0008BE1B6 /* ProfileUserContentView.swift */; };
		338CC5A02D2572C2006B2FCA /* CurrentUserProfile.swift in Sources */ = {isa = PBXBuildFile; fileRef = 338CC59F2D2572C2006B2FCA /* CurrentUserProfile.swift */; };
		338CC5A42D257371006B2FCA /* CurrentUserProfileViewModel.swift in Sources */ = {isa = PBXBuildFile; fileRef = 338CC5A32D257371006B2FCA /* CurrentUserProfileViewModel.swift */; };
		338CC5A72D257621006B2FCA /* ProfileHeaderView.swift in Sources */ = {isa = PBXBuildFile; fileRef = 338CC5A62D257621006B2FCA /* ProfileHeaderView.swift */; };
		338E741A2D2408CC00A54FAB /* LoginViewModel.swift in Sources */ = {isa = PBXBuildFile; fileRef = 338E74192D2408CC00A54FAB /* LoginViewModel.swift */; };
		338FE4B52D255E5B006F941F /* UserService.swift in Sources */ = {isa = PBXBuildFile; fileRef = 338FE4B42D255E5B006F941F /* UserService.swift */; };
		338FE4B82D255FED006F941F /* ProfileViewModel.swift in Sources */ = {isa = PBXBuildFile; fileRef = 338FE4B72D255FED006F941F /* ProfileViewModel.swift */; };
		338FE4BB2D25695B006F941F /* ExploreViewModel.swift in Sources */ = {isa = PBXBuildFile; fileRef = 338FE4BA2D25695B006F941F /* ExploreViewModel.swift */; };
		3391EFEA2D21068B0002060E /* LoginView.swift in Sources */ = {isa = PBXBuildFile; fileRef = 3391EFE92D21068B0002060E /* LoginView.swift */; };
		3391EFED2D21085D0002060E /* ColorConstant.swift in Sources */ = {isa = PBXBuildFile; fileRef = 3391EFEC2D21085D0002060E /* ColorConstant.swift */; };
		3391EFEF2D2108940002060E /* ImageConstant.swift in Sources */ = {isa = PBXBuildFile; fileRef = 3391EFEE2D2108940002060E /* ImageConstant.swift */; };
		33A5B5C12D22D43B003D3FD0 /* GoogleService-Info.plist in Resources */ = {isa = PBXBuildFile; fileRef = 33A5B5C02D22D43B003D3FD0 /* GoogleService-Info.plist */; };
		33A5B5C42D22D557003D3FD0 /* FirebaseAuth in Frameworks */ = {isa = PBXBuildFile; productRef = 33A5B5C32D22D557003D3FD0 /* FirebaseAuth */; };
		33A5B5C62D22D557003D3FD0 /* FirebaseFirestore in Frameworks */ = {isa = PBXBuildFile; productRef = 33A5B5C52D22D557003D3FD0 /* FirebaseFirestore */; };
		33A5B5C82D22D557003D3FD0 /* FirebaseFirestoreCombine-Community in Frameworks */ = {isa = PBXBuildFile; productRef = 33A5B5C72D22D557003D3FD0 /* FirebaseFirestoreCombine-Community */; };
		33A5B5CA2D22D557003D3FD0 /* FirebaseFirestoreSwift in Frameworks */ = {isa = PBXBuildFile; productRef = 33A5B5C92D22D557003D3FD0 /* FirebaseFirestoreSwift */; };
		33A5B5CC2D22D557003D3FD0 /* FirebaseStorage in Frameworks */ = {isa = PBXBuildFile; productRef = 33A5B5CB2D22D557003D3FD0 /* FirebaseStorage */; };
		33F458642D2146F500F489CB /* RegistrationView.swift in Sources */ = {isa = PBXBuildFile; fileRef = 33F458632D2146F500F489CB /* RegistrationView.swift */; };
		33F458682D21483200F489CB /* TextFieldModifier.swift in Sources */ = {isa = PBXBuildFile; fileRef = 33F458672D21483200F489CB /* TextFieldModifier.swift */; };
		33F4586A2D21613B00F489CB /* AuthButtonTextModifier.swift in Sources */ = {isa = PBXBuildFile; fileRef = 33F458692D21613B00F489CB /* AuthButtonTextModifier.swift */; };
		33F4586E2D21642000F489CB /* ChainTabView.swift in Sources */ = {isa = PBXBuildFile; fileRef = 33F4586D2D21642000F489CB /* ChainTabView.swift */; };
		33F458782D21692400F489CB /* ProfileView.swift in Sources */ = {isa = PBXBuildFile; fileRef = 33F458772D21692400F489CB /* ProfileView.swift */; };
		33F4587A2D21693500F489CB /* CreateChainView.swift in Sources */ = {isa = PBXBuildFile; fileRef = 33F458792D21693500F489CB /* CreateChainView.swift */; };
		33F4587C2D21694300F489CB /* ExploreView.swift in Sources */ = {isa = PBXBuildFile; fileRef = 33F4587B2D21694300F489CB /* ExploreView.swift */; };
		33F4587E2D21696E00F489CB /* FeedView.swift in Sources */ = {isa = PBXBuildFile; fileRef = 33F4587D2D21696E00F489CB /* FeedView.swift */; };
		33F458802D216CB100F489CB /* FeedCell.swift in Sources */ = {isa = PBXBuildFile; fileRef = 33F4587F2D216CB100F489CB /* FeedCell.swift */; };
		33F458832D21C10B00F489CB /* CircularProfileImageView.swift in Sources */ = {isa = PBXBuildFile; fileRef = 33F458822D21C10B00F489CB /* CircularProfileImageView.swift */; };
		33F458852D21C14D00F489CB /* UserCell.swift in Sources */ = {isa = PBXBuildFile; fileRef = 33F458842D21C14D00F489CB /* UserCell.swift */; };
		33F458872D22A20A00F489CB /* PrimaryButtonTextModifier.swift in Sources */ = {isa = PBXBuildFile; fileRef = 33F458862D22A20900F489CB /* PrimaryButtonTextModifier.swift */; };
		33F458892D22AB5C00F489CB /* ProfileChainFilter.swift in Sources */ = {isa = PBXBuildFile; fileRef = 33F458882D22AB5C00F489CB /* ProfileChainFilter.swift */; };
		33F4588D2D22B8F300F489CB /* EditProfileView.swift in Sources */ = {isa = PBXBuildFile; fileRef = 33F4588C2D22B8F200F489CB /* EditProfileView.swift */; };
		33F8D4BD2D23048E00437A14 /* AppPages.swift in Sources */ = {isa = PBXBuildFile; fileRef = 33F8D4BC2D23048E00437A14 /* AppPages.swift */; };
		33F8D4BF2D2305D100437A14 /* AppCoordinator.swift in Sources */ = {isa = PBXBuildFile; fileRef = 33F8D4BE2D2305D100437A14 /* AppCoordinator.swift */; };
		33F8D4C22D23B70300437A14 /* RegistrationViewModel.swift in Sources */ = {isa = PBXBuildFile; fileRef = 33F8D4C12D23B70300437A14 /* RegistrationViewModel.swift */; };
		33F8D4C52D23C57A00437A14 /* AuthService.swift in Sources */ = {isa = PBXBuildFile; fileRef = 33F8D4C42D23C57A00437A14 /* AuthService.swift */; };
		33F8D4C72D23C5E400437A14 /* User.swift in Sources */ = {isa = PBXBuildFile; fileRef = 33F8D4C62D23C5E400437A14 /* User.swift */; };
		33F8D4C92D23CE7B00437A14 /* RootView.swift in Sources */ = {isa = PBXBuildFile; fileRef = 33F8D4C82D23CE7B00437A14 /* RootView.swift */; };
		33F8D4CB2D23CEA900437A14 /* RootViewModel.swift in Sources */ = {isa = PBXBuildFile; fileRef = 33F8D4CA2D23CEA900437A14 /* RootViewModel.swift */; };
/* End PBXBuildFile section */

/* Begin PBXContainerItemProxy section */
		33069C162D1FA2B500B2C033 /* PBXContainerItemProxy */ = {
			isa = PBXContainerItemProxy;
			containerPortal = 33069BFD2D1FA2B000B2C033 /* Project object */;
			proxyType = 1;
			remoteGlobalIDString = 33069C042D1FA2B000B2C033;
			remoteInfo = "Chain-Loop";
		};
		33069C202D1FA2B600B2C033 /* PBXContainerItemProxy */ = {
			isa = PBXContainerItemProxy;
			containerPortal = 33069BFD2D1FA2B000B2C033 /* Project object */;
			proxyType = 1;
			remoteGlobalIDString = 33069C042D1FA2B000B2C033;
			remoteInfo = "Chain-Loop";
		};
/* End PBXContainerItemProxy section */

/* Begin PBXFileReference section */
		33069C052D1FA2B000B2C033 /* Chain-Loop.app */ = {isa = PBXFileReference; explicitFileType = wrapper.application; includeInIndex = 0; path = "Chain-Loop.app"; sourceTree = BUILT_PRODUCTS_DIR; };
		33069C082D1FA2B000B2C033 /* Chain_LoopApp.swift */ = {isa = PBXFileReference; lastKnownFileType = sourcecode.swift; path = Chain_LoopApp.swift; sourceTree = "<group>"; };
		33069C0A2D1FA2B000B2C033 /* ContentView.swift */ = {isa = PBXFileReference; lastKnownFileType = sourcecode.swift; path = ContentView.swift; sourceTree = "<group>"; };
		33069C0C2D1FA2B400B2C033 /* Assets.xcassets */ = {isa = PBXFileReference; lastKnownFileType = folder.assetcatalog; path = Assets.xcassets; sourceTree = "<group>"; };
		33069C0F2D1FA2B400B2C033 /* Preview Assets.xcassets */ = {isa = PBXFileReference; lastKnownFileType = folder.assetcatalog; path = "Preview Assets.xcassets"; sourceTree = "<group>"; };
		33069C152D1FA2B500B2C033 /* Chain-LoopTests.xctest */ = {isa = PBXFileReference; explicitFileType = wrapper.cfbundle; includeInIndex = 0; path = "Chain-LoopTests.xctest"; sourceTree = BUILT_PRODUCTS_DIR; };
		33069C192D1FA2B600B2C033 /* Chain_LoopTests.swift */ = {isa = PBXFileReference; lastKnownFileType = sourcecode.swift; path = Chain_LoopTests.swift; sourceTree = "<group>"; };
		33069C1F2D1FA2B600B2C033 /* Chain-LoopUITests.xctest */ = {isa = PBXFileReference; explicitFileType = wrapper.cfbundle; includeInIndex = 0; path = "Chain-LoopUITests.xctest"; sourceTree = BUILT_PRODUCTS_DIR; };
		33069C232D1FA2B600B2C033 /* Chain_LoopUITests.swift */ = {isa = PBXFileReference; lastKnownFileType = sourcecode.swift; path = Chain_LoopUITests.swift; sourceTree = "<group>"; };
		33069C252D1FA2B600B2C033 /* Chain_LoopUITestsLaunchTests.swift */ = {isa = PBXFileReference; lastKnownFileType = sourcecode.swift; path = Chain_LoopUITestsLaunchTests.swift; sourceTree = "<group>"; };
		33069C392D200B6300B2C033 /* OnBoardingView.swift */ = {isa = PBXFileReference; lastKnownFileType = sourcecode.swift; path = OnBoardingView.swift; sourceTree = "<group>"; };
		33069C3B2D200CE500B2C033 /* OnBoardingCardView.swift */ = {isa = PBXFileReference; lastKnownFileType = sourcecode.swift; path = OnBoardingCardView.swift; sourceTree = "<group>"; };
		33069C3D2D200E2200B2C033 /* OnBoardModel.swift */ = {isa = PBXFileReference; lastKnownFileType = sourcecode.swift; path = OnBoardModel.swift; sourceTree = "<group>"; };
		33069C412D200F7700B2C033 /* OnBoardingViewModel.swift */ = {isa = PBXFileReference; lastKnownFileType = sourcecode.swift; path = OnBoardingViewModel.swift; sourceTree = "<group>"; };
		33069C432D2026A600B2C033 /* Color.swift */ = {isa = PBXFileReference; lastKnownFileType = sourcecode.swift; path = Color.swift; sourceTree = "<group>"; };
		33069C452D2029D500B2C033 /* Preview_Provider.swift */ = {isa = PBXFileReference; lastKnownFileType = sourcecode.swift; path = Preview_Provider.swift; sourceTree = "<group>"; };
		33175D4A2D25B51A00329CDB /* EditProfileViewModel.swift */ = {isa = PBXFileReference; lastKnownFileType = sourcecode.swift; path = EditProfileViewModel.swift; sourceTree = "<group>"; };
		33175D4C2D25B64F00329CDB /* ImageUploader.swift */ = {isa = PBXFileReference; lastKnownFileType = sourcecode.swift; path = ImageUploader.swift; sourceTree = "<group>"; };
		338B775F2D257BF0008BE1B6 /* ProfileUserContentView.swift */ = {isa = PBXFileReference; lastKnownFileType = sourcecode.swift; path = ProfileUserContentView.swift; sourceTree = "<group>"; };
		338CC59F2D2572C2006B2FCA /* CurrentUserProfile.swift */ = {isa = PBXFileReference; lastKnownFileType = sourcecode.swift; path = CurrentUserProfile.swift; sourceTree = "<group>"; };
		338CC5A32D257371006B2FCA /* CurrentUserProfileViewModel.swift */ = {isa = PBXFileReference; lastKnownFileType = sourcecode.swift; path = CurrentUserProfileViewModel.swift; sourceTree = "<group>"; };
		338CC5A62D257621006B2FCA /* ProfileHeaderView.swift */ = {isa = PBXFileReference; lastKnownFileType = sourcecode.swift; path = ProfileHeaderView.swift; sourceTree = "<group>"; };
		338E74192D2408CC00A54FAB /* LoginViewModel.swift */ = {isa = PBXFileReference; lastKnownFileType = sourcecode.swift; path = LoginViewModel.swift; sourceTree = "<group>"; };
		338FE4B42D255E5B006F941F /* UserService.swift */ = {isa = PBXFileReference; lastKnownFileType = sourcecode.swift; path = UserService.swift; sourceTree = "<group>"; };
		338FE4B72D255FED006F941F /* ProfileViewModel.swift */ = {isa = PBXFileReference; lastKnownFileType = sourcecode.swift; path = ProfileViewModel.swift; sourceTree = "<group>"; };
		338FE4BA2D25695B006F941F /* ExploreViewModel.swift */ = {isa = PBXFileReference; lastKnownFileType = sourcecode.swift; path = ExploreViewModel.swift; sourceTree = "<group>"; };
		3391EFE92D21068B0002060E /* LoginView.swift */ = {isa = PBXFileReference; lastKnownFileType = sourcecode.swift; path = LoginView.swift; sourceTree = "<group>"; };
		3391EFEC2D21085D0002060E /* ColorConstant.swift */ = {isa = PBXFileReference; lastKnownFileType = sourcecode.swift; path = ColorConstant.swift; sourceTree = "<group>"; };
		3391EFEE2D2108940002060E /* ImageConstant.swift */ = {isa = PBXFileReference; lastKnownFileType = sourcecode.swift; path = ImageConstant.swift; sourceTree = "<group>"; };
		33A5B5C02D22D43B003D3FD0 /* GoogleService-Info.plist */ = {isa = PBXFileReference; fileEncoding = 4; lastKnownFileType = text.plist.xml; path = "GoogleService-Info.plist"; sourceTree = "<group>"; };
		33F458632D2146F500F489CB /* RegistrationView.swift */ = {isa = PBXFileReference; lastKnownFileType = sourcecode.swift; path = RegistrationView.swift; sourceTree = "<group>"; };
		33F458672D21483200F489CB /* TextFieldModifier.swift */ = {isa = PBXFileReference; lastKnownFileType = sourcecode.swift; path = TextFieldModifier.swift; sourceTree = "<group>"; };
		33F458692D21613B00F489CB /* AuthButtonTextModifier.swift */ = {isa = PBXFileReference; lastKnownFileType = sourcecode.swift; path = AuthButtonTextModifier.swift; sourceTree = "<group>"; };
		33F4586D2D21642000F489CB /* ChainTabView.swift */ = {isa = PBXFileReference; lastKnownFileType = sourcecode.swift; path = ChainTabView.swift; sourceTree = "<group>"; };
		33F458772D21692400F489CB /* ProfileView.swift */ = {isa = PBXFileReference; lastKnownFileType = sourcecode.swift; path = ProfileView.swift; sourceTree = "<group>"; };
		33F458792D21693500F489CB /* CreateChainView.swift */ = {isa = PBXFileReference; lastKnownFileType = sourcecode.swift; path = CreateChainView.swift; sourceTree = "<group>"; };
		33F4587B2D21694300F489CB /* ExploreView.swift */ = {isa = PBXFileReference; lastKnownFileType = sourcecode.swift; path = ExploreView.swift; sourceTree = "<group>"; };
		33F4587D2D21696E00F489CB /* FeedView.swift */ = {isa = PBXFileReference; lastKnownFileType = sourcecode.swift; path = FeedView.swift; sourceTree = "<group>"; };
		33F4587F2D216CB100F489CB /* FeedCell.swift */ = {isa = PBXFileReference; lastKnownFileType = sourcecode.swift; path = FeedCell.swift; sourceTree = "<group>"; };
		33F458822D21C10B00F489CB /* CircularProfileImageView.swift */ = {isa = PBXFileReference; lastKnownFileType = sourcecode.swift; path = CircularProfileImageView.swift; sourceTree = "<group>"; };
		33F458842D21C14D00F489CB /* UserCell.swift */ = {isa = PBXFileReference; lastKnownFileType = sourcecode.swift; path = UserCell.swift; sourceTree = "<group>"; };
		33F458862D22A20900F489CB /* PrimaryButtonTextModifier.swift */ = {isa = PBXFileReference; lastKnownFileType = sourcecode.swift; path = PrimaryButtonTextModifier.swift; sourceTree = "<group>"; };
		33F458882D22AB5C00F489CB /* ProfileChainFilter.swift */ = {isa = PBXFileReference; lastKnownFileType = sourcecode.swift; path = ProfileChainFilter.swift; sourceTree = "<group>"; };
		33F4588C2D22B8F200F489CB /* EditProfileView.swift */ = {isa = PBXFileReference; lastKnownFileType = sourcecode.swift; path = EditProfileView.swift; sourceTree = "<group>"; };
		33F8D4BC2D23048E00437A14 /* AppPages.swift */ = {isa = PBXFileReference; lastKnownFileType = sourcecode.swift; path = AppPages.swift; sourceTree = "<group>"; };
		33F8D4BE2D2305D100437A14 /* AppCoordinator.swift */ = {isa = PBXFileReference; lastKnownFileType = sourcecode.swift; path = AppCoordinator.swift; sourceTree = "<group>"; };
		33F8D4C12D23B70300437A14 /* RegistrationViewModel.swift */ = {isa = PBXFileReference; lastKnownFileType = sourcecode.swift; path = RegistrationViewModel.swift; sourceTree = "<group>"; };
		33F8D4C42D23C57A00437A14 /* AuthService.swift */ = {isa = PBXFileReference; lastKnownFileType = sourcecode.swift; path = AuthService.swift; sourceTree = "<group>"; };
		33F8D4C62D23C5E400437A14 /* User.swift */ = {isa = PBXFileReference; lastKnownFileType = sourcecode.swift; path = User.swift; sourceTree = "<group>"; };
		33F8D4C82D23CE7B00437A14 /* RootView.swift */ = {isa = PBXFileReference; lastKnownFileType = sourcecode.swift; path = RootView.swift; sourceTree = "<group>"; };
		33F8D4CA2D23CEA900437A14 /* RootViewModel.swift */ = {isa = PBXFileReference; lastKnownFileType = sourcecode.swift; path = RootViewModel.swift; sourceTree = "<group>"; };
/* End PBXFileReference section */

/* Begin PBXFrameworksBuildPhase section */
		33069C022D1FA2B000B2C033 /* Frameworks */ = {
			isa = PBXFrameworksBuildPhase;
			buildActionMask = 2147483647;
			files = (
				33A5B5C82D22D557003D3FD0 /* FirebaseFirestoreCombine-Community in Frameworks */,
				33A5B5C42D22D557003D3FD0 /* FirebaseAuth in Frameworks */,
				33A5B5C62D22D557003D3FD0 /* FirebaseFirestore in Frameworks */,
				33A5B5CC2D22D557003D3FD0 /* FirebaseStorage in Frameworks */,
				33A5B5CA2D22D557003D3FD0 /* FirebaseFirestoreSwift in Frameworks */,
			);
			runOnlyForDeploymentPostprocessing = 0;
		};
		33069C122D1FA2B500B2C033 /* Frameworks */ = {
			isa = PBXFrameworksBuildPhase;
			buildActionMask = 2147483647;
			files = (
			);
			runOnlyForDeploymentPostprocessing = 0;
		};
		33069C1C2D1FA2B600B2C033 /* Frameworks */ = {
			isa = PBXFrameworksBuildPhase;
			buildActionMask = 2147483647;
			files = (
			);
			runOnlyForDeploymentPostprocessing = 0;
		};
/* End PBXFrameworksBuildPhase section */

/* Begin PBXGroup section */
		33069BFC2D1FA2B000B2C033 = {
			isa = PBXGroup;
			children = (
				33069C072D1FA2B000B2C033 /* Chain-Loop */,
				33069C182D1FA2B600B2C033 /* Chain-LoopTests */,
				33069C222D1FA2B600B2C033 /* Chain-LoopUITests */,
				33069C062D1FA2B000B2C033 /* Products */,
			);
			sourceTree = "<group>";
		};
		33069C062D1FA2B000B2C033 /* Products */ = {
			isa = PBXGroup;
			children = (
				33069C052D1FA2B000B2C033 /* Chain-Loop.app */,
				33069C152D1FA2B500B2C033 /* Chain-LoopTests.xctest */,
				33069C1F2D1FA2B600B2C033 /* Chain-LoopUITests.xctest */,
			);
			name = Products;
			sourceTree = "<group>";
		};
		33069C072D1FA2B000B2C033 /* Chain-Loop */ = {
			isa = PBXGroup;
			children = (
				33F458812D21C0F100F489CB /* Component */,
				3391EFEB2D2108420002060E /* Constant */,
				33069C322D2009CB00B2C033 /* App */,
				33069C332D2009E000B2C033 /* Core */,
				33069C342D2009E800B2C033 /* Extension */,
				33069C352D2009FE00B2C033 /* Model */,
				33069C362D200A0400B2C033 /* Service */,
				33069C372D200A0C00B2C033 /* Utility */,
				33069C0A2D1FA2B000B2C033 /* ContentView.swift */,
				33069C0C2D1FA2B400B2C033 /* Assets.xcassets */,
				33A5B5C02D22D43B003D3FD0 /* GoogleService-Info.plist */,
				33069C0E2D1FA2B400B2C033 /* Preview Content */,
			);
			path = "Chain-Loop";
			sourceTree = "<group>";
		};
		33069C0E2D1FA2B400B2C033 /* Preview Content */ = {
			isa = PBXGroup;
			children = (
				33069C0F2D1FA2B400B2C033 /* Preview Assets.xcassets */,
			);
			path = "Preview Content";
			sourceTree = "<group>";
		};
		33069C182D1FA2B600B2C033 /* Chain-LoopTests */ = {
			isa = PBXGroup;
			children = (
				33069C192D1FA2B600B2C033 /* Chain_LoopTests.swift */,
			);
			path = "Chain-LoopTests";
			sourceTree = "<group>";
		};
		33069C222D1FA2B600B2C033 /* Chain-LoopUITests */ = {
			isa = PBXGroup;
			children = (
				33069C232D1FA2B600B2C033 /* Chain_LoopUITests.swift */,
				33069C252D1FA2B600B2C033 /* Chain_LoopUITestsLaunchTests.swift */,
			);
			path = "Chain-LoopUITests";
			sourceTree = "<group>";
		};
		33069C322D2009CB00B2C033 /* App */ = {
			isa = PBXGroup;
			children = (
				33069C082D1FA2B000B2C033 /* Chain_LoopApp.swift */,
				33F8D4BB2D23047900437A14 /* Coordinator */,
				33F8D4CC2D23D61F00437A14 /* Root */,
			);
			path = App;
			sourceTree = "<group>";
		};
		33069C332D2009E000B2C033 /* Core */ = {
			isa = PBXGroup;
			children = (
				33F458732D21690200F489CB /* Profile */,
				33F458722D2168F900F489CB /* CreateChain */,
				33F458712D2168EF00F489CB /* Explore */,
				33F4586F2D2168C000F489CB /* Feed */,
				3391EFE72D2106050002060E /* Authentication */,
				33069C382D200A4100B2C033 /* Onboarding */,
				33F4586B2D21635300F489CB /* Root */,
				33F4586C2D21635E00F489CB /* TabBar */,
			);
			path = Core;
			sourceTree = "<group>";
		};
		33069C342D2009E800B2C033 /* Extension */ = {
			isa = PBXGroup;
			children = (
				33069C432D2026A600B2C033 /* Color.swift */,
				33069C452D2029D500B2C033 /* Preview_Provider.swift */,
			);
			path = Extension;
			sourceTree = "<group>";
		};
		33069C352D2009FE00B2C033 /* Model */ = {
			isa = PBXGroup;
			children = (
				33069C3D2D200E2200B2C033 /* OnBoardModel.swift */,
				33F458882D22AB5C00F489CB /* ProfileChainFilter.swift */,
				33F8D4C62D23C5E400437A14 /* User.swift */,
			);
			path = Model;
			sourceTree = "<group>";
		};
		33069C362D200A0400B2C033 /* Service */ = {
			isa = PBXGroup;
			children = (
				338FE4B42D255E5B006F941F /* UserService.swift */,
				33175D4C2D25B64F00329CDB /* ImageUploader.swift */,
			);
			path = Service;
			sourceTree = "<group>";
		};
		33069C372D200A0C00B2C033 /* Utility */ = {
			isa = PBXGroup;
			children = (
				33F458662D21481400F489CB /* ViewModifier */,
			);
			path = Utility;
			sourceTree = "<group>";
		};
		33069C382D200A4100B2C033 /* Onboarding */ = {
			isa = PBXGroup;
			children = (
				33069C402D200F4E00B2C033 /* ViewModel */,
				33069C3F2D200F4800B2C033 /* View */,
			);
			path = Onboarding;
			sourceTree = "<group>";
		};
		33069C3F2D200F4800B2C033 /* View */ = {
			isa = PBXGroup;
			children = (
				33069C392D200B6300B2C033 /* OnBoardingView.swift */,
				33069C3B2D200CE500B2C033 /* OnBoardingCardView.swift */,
			);
			path = View;
			sourceTree = "<group>";
		};
		33069C402D200F4E00B2C033 /* ViewModel */ = {
			isa = PBXGroup;
			children = (
				33069C412D200F7700B2C033 /* OnBoardingViewModel.swift */,
			);
			path = ViewModel;
			sourceTree = "<group>";
		};
		33175D492D25B50200329CDB /* ViewModel */ = {
			isa = PBXGroup;
			children = (
				33175D4A2D25B51A00329CDB /* EditProfileViewModel.swift */,
			);
			path = ViewModel;
			sourceTree = "<group>";
		};
		338CC59E2D2572A8006B2FCA /* CurrentUserProfile */ = {
			isa = PBXGroup;
			children = (
				338CC5A22D25735D006B2FCA /* ViewModel */,
				338CC5A12D257357006B2FCA /* View */,
			);
			path = CurrentUserProfile;
			sourceTree = "<group>";
		};
		338CC5A12D257357006B2FCA /* View */ = {
			isa = PBXGroup;
			children = (
				338CC59F2D2572C2006B2FCA /* CurrentUserProfile.swift */,
			);
			path = View;
			sourceTree = "<group>";
		};
		338CC5A22D25735D006B2FCA /* ViewModel */ = {
			isa = PBXGroup;
			children = (
				338CC5A32D257371006B2FCA /* CurrentUserProfileViewModel.swift */,
			);
			path = ViewModel;
			sourceTree = "<group>";
		};
		338CC5A52D257607006B2FCA /* Components */ = {
			isa = PBXGroup;
			children = (
				338CC5A62D257621006B2FCA /* ProfileHeaderView.swift */,
				338B775F2D257BF0008BE1B6 /* ProfileUserContentView.swift */,
			);
			path = Components;
			sourceTree = "<group>";
		};
		338E74182D2408B700A54FAB /* ViewModel */ = {
			isa = PBXGroup;
			children = (
				338E74192D2408CC00A54FAB /* LoginViewModel.swift */,
			);
			path = ViewModel;
			sourceTree = "<group>";
		};
		338FE4B62D255FDB006F941F /* ViewModel */ = {
			isa = PBXGroup;
			children = (
				338FE4B72D255FED006F941F /* ProfileViewModel.swift */,
			);
			path = ViewModel;
			sourceTree = "<group>";
		};
		338FE4B92D256880006F941F /* ViewModel */ = {
			isa = PBXGroup;
			children = (
				338FE4BA2D25695B006F941F /* ExploreViewModel.swift */,
			);
			path = ViewModel;
			sourceTree = "<group>";
		};
		3391EFE72D2106050002060E /* Authentication */ = {
			isa = PBXGroup;
			children = (
				33F8D4C32D23C20500437A14 /* Service */,
				33F458612D2146D800F489CB /* Registration */,
				3391EFE82D2106750002060E /* Login */,
			);
			path = Authentication;
			sourceTree = "<group>";
		};
		3391EFE82D2106750002060E /* Login */ = {
			isa = PBXGroup;
			children = (
				338E74182D2408B700A54FAB /* ViewModel */,
				33F458652D2146FE00F489CB /* View */,
			);
			path = Login;
			sourceTree = "<group>";
		};
		3391EFEB2D2108420002060E /* Constant */ = {
			isa = PBXGroup;
			children = (
				3391EFEC2D21085D0002060E /* ColorConstant.swift */,
				3391EFEE2D2108940002060E /* ImageConstant.swift */,
			);
			path = Constant;
			sourceTree = "<group>";
		};
		33F458612D2146D800F489CB /* Registration */ = {
			isa = PBXGroup;
			children = (
				33F8D4C02D23B6EA00437A14 /* ViewModel */,
				33F458622D2146E200F489CB /* View */,
			);
			path = Registration;
			sourceTree = "<group>";
		};
		33F458622D2146E200F489CB /* View */ = {
			isa = PBXGroup;
			children = (
				33F458632D2146F500F489CB /* RegistrationView.swift */,
			);
			path = View;
			sourceTree = "<group>";
		};
		33F458652D2146FE00F489CB /* View */ = {
			isa = PBXGroup;
			children = (
				3391EFE92D21068B0002060E /* LoginView.swift */,
			);
			path = View;
			sourceTree = "<group>";
		};
		33F458662D21481400F489CB /* ViewModifier */ = {
			isa = PBXGroup;
			children = (
				33F458672D21483200F489CB /* TextFieldModifier.swift */,
				33F458692D21613B00F489CB /* AuthButtonTextModifier.swift */,
				33F458862D22A20900F489CB /* PrimaryButtonTextModifier.swift */,
			);
			path = ViewModifier;
			sourceTree = "<group>";
		};
		33F4586B2D21635300F489CB /* Root */ = {
			isa = PBXGroup;
			children = (
			);
			path = Root;
			sourceTree = "<group>";
		};
		33F4586C2D21635E00F489CB /* TabBar */ = {
			isa = PBXGroup;
			children = (
				33F4586D2D21642000F489CB /* ChainTabView.swift */,
			);
			path = TabBar;
			sourceTree = "<group>";
		};
		33F4586F2D2168C000F489CB /* Feed */ = {
			isa = PBXGroup;
			children = (
				33F458702D2168C800F489CB /* View */,
			);
			path = Feed;
			sourceTree = "<group>";
		};
		33F458702D2168C800F489CB /* View */ = {
			isa = PBXGroup;
			children = (
				33F4587D2D21696E00F489CB /* FeedView.swift */,
				33F4587F2D216CB100F489CB /* FeedCell.swift */,
			);
			path = View;
			sourceTree = "<group>";
		};
		33F458712D2168EF00F489CB /* Explore */ = {
			isa = PBXGroup;
			children = (
				338FE4B92D256880006F941F /* ViewModel */,
				33F458762D21691400F489CB /* View */,
			);
			path = Explore;
			sourceTree = "<group>";
		};
		33F458722D2168F900F489CB /* CreateChain */ = {
			isa = PBXGroup;
			children = (
				33F458752D21690E00F489CB /* View */,
			);
			path = CreateChain;
			sourceTree = "<group>";
		};
		33F458732D21690200F489CB /* Profile */ = {
			isa = PBXGroup;
			children = (
				338CC5A52D257607006B2FCA /* Components */,
				338CC59E2D2572A8006B2FCA /* CurrentUserProfile */,
				338FE4B62D255FDB006F941F /* ViewModel */,
				33F4588A2D22B8D800F489CB /* EditProfile */,
				33F458742D21690900F489CB /* View */,
			);
			path = Profile;
			sourceTree = "<group>";
		};
		33F458742D21690900F489CB /* View */ = {
			isa = PBXGroup;
			children = (
				33F458772D21692400F489CB /* ProfileView.swift */,
			);
			path = View;
			sourceTree = "<group>";
		};
		33F458752D21690E00F489CB /* View */ = {
			isa = PBXGroup;
			children = (
				33F458792D21693500F489CB /* CreateChainView.swift */,
			);
			path = View;
			sourceTree = "<group>";
		};
		33F458762D21691400F489CB /* View */ = {
			isa = PBXGroup;
			children = (
				33F4587B2D21694300F489CB /* ExploreView.swift */,
			);
			path = View;
			sourceTree = "<group>";
		};
		33F458812D21C0F100F489CB /* Component */ = {
			isa = PBXGroup;
			children = (
				33F458822D21C10B00F489CB /* CircularProfileImageView.swift */,
				33F458842D21C14D00F489CB /* UserCell.swift */,
			);
			path = Component;
			sourceTree = "<group>";
		};
		33F4588A2D22B8D800F489CB /* EditProfile */ = {
			isa = PBXGroup;
			children = (
				33175D492D25B50200329CDB /* ViewModel */,
				33F4588B2D22B8E100F489CB /* View */,
			);
			path = EditProfile;
			sourceTree = "<group>";
		};
		33F4588B2D22B8E100F489CB /* View */ = {
			isa = PBXGroup;
			children = (
				33F4588C2D22B8F200F489CB /* EditProfileView.swift */,
			);
			path = View;
			sourceTree = "<group>";
		};
		33F8D4BB2D23047900437A14 /* Coordinator */ = {
			isa = PBXGroup;
			children = (
				33F8D4BC2D23048E00437A14 /* AppPages.swift */,
				33F8D4BE2D2305D100437A14 /* AppCoordinator.swift */,
			);
			path = Coordinator;
			sourceTree = "<group>";
		};
		33F8D4C02D23B6EA00437A14 /* ViewModel */ = {
			isa = PBXGroup;
			children = (
				33F8D4C12D23B70300437A14 /* RegistrationViewModel.swift */,
			);
			path = ViewModel;
			sourceTree = "<group>";
		};
		33F8D4C32D23C20500437A14 /* Service */ = {
			isa = PBXGroup;
			children = (
				33F8D4C42D23C57A00437A14 /* AuthService.swift */,
			);
			path = Service;
			sourceTree = "<group>";
		};
		33F8D4CC2D23D61F00437A14 /* Root */ = {
			isa = PBXGroup;
			children = (
				33F8D4CE2D23D63E00437A14 /* ViewModel */,
				33F8D4CD2D23D62B00437A14 /* View */,
			);
			path = Root;
			sourceTree = "<group>";
		};
		33F8D4CD2D23D62B00437A14 /* View */ = {
			isa = PBXGroup;
			children = (
				33F8D4C82D23CE7B00437A14 /* RootView.swift */,
			);
			path = View;
			sourceTree = "<group>";
		};
		33F8D4CE2D23D63E00437A14 /* ViewModel */ = {
			isa = PBXGroup;
			children = (
				33F8D4CA2D23CEA900437A14 /* RootViewModel.swift */,
			);
			path = ViewModel;
			sourceTree = "<group>";
		};
/* End PBXGroup section */

/* Begin PBXNativeTarget section */
		33069C042D1FA2B000B2C033 /* Chain-Loop */ = {
			isa = PBXNativeTarget;
			buildConfigurationList = 33069C292D1FA2B600B2C033 /* Build configuration list for PBXNativeTarget "Chain-Loop" */;
			buildPhases = (
				33069C012D1FA2B000B2C033 /* Sources */,
				33069C022D1FA2B000B2C033 /* Frameworks */,
				33069C032D1FA2B000B2C033 /* Resources */,
			);
			buildRules = (
			);
			dependencies = (
			);
			name = "Chain-Loop";
			packageProductDependencies = (
				33A5B5C32D22D557003D3FD0 /* FirebaseAuth */,
				33A5B5C52D22D557003D3FD0 /* FirebaseFirestore */,
				33A5B5C72D22D557003D3FD0 /* FirebaseFirestoreCombine-Community */,
				33A5B5C92D22D557003D3FD0 /* FirebaseFirestoreSwift */,
				33A5B5CB2D22D557003D3FD0 /* FirebaseStorage */,
			);
			productName = "Chain-Loop";
			productReference = 33069C052D1FA2B000B2C033 /* Chain-Loop.app */;
			productType = "com.apple.product-type.application";
		};
		33069C142D1FA2B500B2C033 /* Chain-LoopTests */ = {
			isa = PBXNativeTarget;
			buildConfigurationList = 33069C2C2D1FA2B600B2C033 /* Build configuration list for PBXNativeTarget "Chain-LoopTests" */;
			buildPhases = (
				33069C112D1FA2B500B2C033 /* Sources */,
				33069C122D1FA2B500B2C033 /* Frameworks */,
				33069C132D1FA2B500B2C033 /* Resources */,
			);
			buildRules = (
			);
			dependencies = (
				33069C172D1FA2B500B2C033 /* PBXTargetDependency */,
			);
			name = "Chain-LoopTests";
			productName = "Chain-LoopTests";
			productReference = 33069C152D1FA2B500B2C033 /* Chain-LoopTests.xctest */;
			productType = "com.apple.product-type.bundle.unit-test";
		};
		33069C1E2D1FA2B600B2C033 /* Chain-LoopUITests */ = {
			isa = PBXNativeTarget;
			buildConfigurationList = 33069C2F2D1FA2B600B2C033 /* Build configuration list for PBXNativeTarget "Chain-LoopUITests" */;
			buildPhases = (
				33069C1B2D1FA2B600B2C033 /* Sources */,
				33069C1C2D1FA2B600B2C033 /* Frameworks */,
				33069C1D2D1FA2B600B2C033 /* Resources */,
			);
			buildRules = (
			);
			dependencies = (
				33069C212D1FA2B600B2C033 /* PBXTargetDependency */,
			);
			name = "Chain-LoopUITests";
			productName = "Chain-LoopUITests";
			productReference = 33069C1F2D1FA2B600B2C033 /* Chain-LoopUITests.xctest */;
			productType = "com.apple.product-type.bundle.ui-testing";
		};
/* End PBXNativeTarget section */

/* Begin PBXProject section */
		33069BFD2D1FA2B000B2C033 /* Project object */ = {
			isa = PBXProject;
			attributes = {
				BuildIndependentTargetsInParallel = 1;
				LastSwiftUpdateCheck = 1420;
				LastUpgradeCheck = 1420;
				TargetAttributes = {
					33069C042D1FA2B000B2C033 = {
						CreatedOnToolsVersion = 14.2;
					};
					33069C142D1FA2B500B2C033 = {
						CreatedOnToolsVersion = 14.2;
						TestTargetID = 33069C042D1FA2B000B2C033;
					};
					33069C1E2D1FA2B600B2C033 = {
						CreatedOnToolsVersion = 14.2;
						TestTargetID = 33069C042D1FA2B000B2C033;
					};
				};
			};
			buildConfigurationList = 33069C002D1FA2B000B2C033 /* Build configuration list for PBXProject "Chain-Loop" */;
			compatibilityVersion = "Xcode 14.0";
			developmentRegion = en;
			hasScannedForEncodings = 0;
			knownRegions = (
				en,
				Base,
			);
			mainGroup = 33069BFC2D1FA2B000B2C033;
			packageReferences = (
				33A5B5C22D22D557003D3FD0 /* XCRemoteSwiftPackageReference "firebase-ios-sdk" */,
			);
			productRefGroup = 33069C062D1FA2B000B2C033 /* Products */;
			projectDirPath = "";
			projectRoot = "";
			targets = (
				33069C042D1FA2B000B2C033 /* Chain-Loop */,
				33069C142D1FA2B500B2C033 /* Chain-LoopTests */,
				33069C1E2D1FA2B600B2C033 /* Chain-LoopUITests */,
			);
		};
/* End PBXProject section */

/* Begin PBXResourcesBuildPhase section */
		33069C032D1FA2B000B2C033 /* Resources */ = {
			isa = PBXResourcesBuildPhase;
			buildActionMask = 2147483647;
			files = (
				33069C102D1FA2B400B2C033 /* Preview Assets.xcassets in Resources */,
				33069C0D2D1FA2B400B2C033 /* Assets.xcassets in Resources */,
				33A5B5C12D22D43B003D3FD0 /* GoogleService-Info.plist in Resources */,
			);
			runOnlyForDeploymentPostprocessing = 0;
		};
		33069C132D1FA2B500B2C033 /* Resources */ = {
			isa = PBXResourcesBuildPhase;
			buildActionMask = 2147483647;
			files = (
			);
			runOnlyForDeploymentPostprocessing = 0;
		};
		33069C1D2D1FA2B600B2C033 /* Resources */ = {
			isa = PBXResourcesBuildPhase;
			buildActionMask = 2147483647;
			files = (
			);
			runOnlyForDeploymentPostprocessing = 0;
		};
/* End PBXResourcesBuildPhase section */

/* Begin PBXSourcesBuildPhase section */
		33069C012D1FA2B000B2C033 /* Sources */ = {
			isa = PBXSourcesBuildPhase;
			buildActionMask = 2147483647;
			files = (
				33F8D4BD2D23048E00437A14 /* AppPages.swift in Sources */,
				3391EFEF2D2108940002060E /* ImageConstant.swift in Sources */,
				338E741A2D2408CC00A54FAB /* LoginViewModel.swift in Sources */,
				338CC5A42D257371006B2FCA /* CurrentUserProfileViewModel.swift in Sources */,
				33069C3A2D200B6300B2C033 /* OnBoardingView.swift in Sources */,
				33F4587A2D21693500F489CB /* CreateChainView.swift in Sources */,
				33069C0B2D1FA2B000B2C033 /* ContentView.swift in Sources */,
				338FE4B52D255E5B006F941F /* UserService.swift in Sources */,
				33F4586A2D21613B00F489CB /* AuthButtonTextModifier.swift in Sources */,
				33F8D4C72D23C5E400437A14 /* User.swift in Sources */,
				33F8D4BF2D2305D100437A14 /* AppCoordinator.swift in Sources */,
				33F458642D2146F500F489CB /* RegistrationView.swift in Sources */,
				33F4586E2D21642000F489CB /* ChainTabView.swift in Sources */,
				33F458832D21C10B00F489CB /* CircularProfileImageView.swift in Sources */,
				338CC5A02D2572C2006B2FCA /* CurrentUserProfile.swift in Sources */,
				33F458872D22A20A00F489CB /* PrimaryButtonTextModifier.swift in Sources */,
				33F8D4C52D23C57A00437A14 /* AuthService.swift in Sources */,
				33069C442D2026A600B2C033 /* Color.swift in Sources */,
				33F4587E2D21696E00F489CB /* FeedView.swift in Sources */,
				338CC5A72D257621006B2FCA /* ProfileHeaderView.swift in Sources */,
				3391EFEA2D21068B0002060E /* LoginView.swift in Sources */,
				33F458782D21692400F489CB /* ProfileView.swift in Sources */,
				33F458892D22AB5C00F489CB /* ProfileChainFilter.swift in Sources */,
				33F4587C2D21694300F489CB /* ExploreView.swift in Sources */,
				33F8D4C22D23B70300437A14 /* RegistrationViewModel.swift in Sources */,
				33F4588D2D22B8F300F489CB /* EditProfileView.swift in Sources */,
				33F458802D216CB100F489CB /* FeedCell.swift in Sources */,
				338FE4BB2D25695B006F941F /* ExploreViewModel.swift in Sources */,
				33069C092D1FA2B000B2C033 /* Chain_LoopApp.swift in Sources */,
				33175D4B2D25B51A00329CDB /* EditProfileViewModel.swift in Sources */,
				33F458682D21483200F489CB /* TextFieldModifier.swift in Sources */,
				33F8D4C92D23CE7B00437A14 /* RootView.swift in Sources */,
				33069C422D200F7700B2C033 /* OnBoardingViewModel.swift in Sources */,
				33069C462D2029D500B2C033 /* Preview_Provider.swift in Sources */,
				33069C3C2D200CE500B2C033 /* OnBoardingCardView.swift in Sources */,
				33175D4D2D25B64F00329CDB /* ImageUploader.swift in Sources */,
				33069C3E2D200E2200B2C033 /* OnBoardModel.swift in Sources */,
				33F458852D21C14D00F489CB /* UserCell.swift in Sources */,
				33F8D4CB2D23CEA900437A14 /* RootViewModel.swift in Sources */,
				338B77602D257BF0008BE1B6 /* ProfileUserContentView.swift in Sources */,
				3391EFED2D21085D0002060E /* ColorConstant.swift in Sources */,
				338FE4B82D255FED006F941F /* ProfileViewModel.swift in Sources */,
			);
			runOnlyForDeploymentPostprocessing = 0;
		};
		33069C112D1FA2B500B2C033 /* Sources */ = {
			isa = PBXSourcesBuildPhase;
			buildActionMask = 2147483647;
			files = (
				33069C1A2D1FA2B600B2C033 /* Chain_LoopTests.swift in Sources */,
			);
			runOnlyForDeploymentPostprocessing = 0;
		};
		33069C1B2D1FA2B600B2C033 /* Sources */ = {
			isa = PBXSourcesBuildPhase;
			buildActionMask = 2147483647;
			files = (
				33069C262D1FA2B600B2C033 /* Chain_LoopUITestsLaunchTests.swift in Sources */,
				33069C242D1FA2B600B2C033 /* Chain_LoopUITests.swift in Sources */,
			);
			runOnlyForDeploymentPostprocessing = 0;
		};
/* End PBXSourcesBuildPhase section */

/* Begin PBXTargetDependency section */
		33069C172D1FA2B500B2C033 /* PBXTargetDependency */ = {
			isa = PBXTargetDependency;
			target = 33069C042D1FA2B000B2C033 /* Chain-Loop */;
			targetProxy = 33069C162D1FA2B500B2C033 /* PBXContainerItemProxy */;
		};
		33069C212D1FA2B600B2C033 /* PBXTargetDependency */ = {
			isa = PBXTargetDependency;
			target = 33069C042D1FA2B000B2C033 /* Chain-Loop */;
			targetProxy = 33069C202D1FA2B600B2C033 /* PBXContainerItemProxy */;
		};
/* End PBXTargetDependency section */

/* Begin XCBuildConfiguration section */
		33069C272D1FA2B600B2C033 /* Debug */ = {
			isa = XCBuildConfiguration;
			buildSettings = {
				ALWAYS_SEARCH_USER_PATHS = NO;
				CLANG_ANALYZER_NONNULL = YES;
				CLANG_ANALYZER_NUMBER_OBJECT_CONVERSION = YES_AGGRESSIVE;
				CLANG_CXX_LANGUAGE_STANDARD = "gnu++20";
				CLANG_ENABLE_MODULES = YES;
				CLANG_ENABLE_OBJC_ARC = YES;
				CLANG_ENABLE_OBJC_WEAK = YES;
				CLANG_WARN_BLOCK_CAPTURE_AUTORELEASING = YES;
				CLANG_WARN_BOOL_CONVERSION = YES;
				CLANG_WARN_COMMA = YES;
				CLANG_WARN_CONSTANT_CONVERSION = YES;
				CLANG_WARN_DEPRECATED_OBJC_IMPLEMENTATIONS = YES;
				CLANG_WARN_DIRECT_OBJC_ISA_USAGE = YES_ERROR;
				CLANG_WARN_DOCUMENTATION_COMMENTS = YES;
				CLANG_WARN_EMPTY_BODY = YES;
				CLANG_WARN_ENUM_CONVERSION = YES;
				CLANG_WARN_INFINITE_RECURSION = YES;
				CLANG_WARN_INT_CONVERSION = YES;
				CLANG_WARN_NON_LITERAL_NULL_CONVERSION = YES;
				CLANG_WARN_OBJC_IMPLICIT_RETAIN_SELF = YES;
				CLANG_WARN_OBJC_LITERAL_CONVERSION = YES;
				CLANG_WARN_OBJC_ROOT_CLASS = YES_ERROR;
				CLANG_WARN_QUOTED_INCLUDE_IN_FRAMEWORK_HEADER = YES;
				CLANG_WARN_RANGE_LOOP_ANALYSIS = YES;
				CLANG_WARN_STRICT_PROTOTYPES = YES;
				CLANG_WARN_SUSPICIOUS_MOVE = YES;
				CLANG_WARN_UNGUARDED_AVAILABILITY = YES_AGGRESSIVE;
				CLANG_WARN_UNREACHABLE_CODE = YES;
				CLANG_WARN__DUPLICATE_METHOD_MATCH = YES;
				COPY_PHASE_STRIP = NO;
				DEBUG_INFORMATION_FORMAT = dwarf;
				ENABLE_STRICT_OBJC_MSGSEND = YES;
				ENABLE_TESTABILITY = YES;
				GCC_C_LANGUAGE_STANDARD = gnu11;
				GCC_DYNAMIC_NO_PIC = NO;
				GCC_NO_COMMON_BLOCKS = YES;
				GCC_OPTIMIZATION_LEVEL = 0;
				GCC_PREPROCESSOR_DEFINITIONS = (
					"DEBUG=1",
					"$(inherited)",
				);
				GCC_WARN_64_TO_32_BIT_CONVERSION = YES;
				GCC_WARN_ABOUT_RETURN_TYPE = YES_ERROR;
				GCC_WARN_UNDECLARED_SELECTOR = YES;
				GCC_WARN_UNINITIALIZED_AUTOS = YES_AGGRESSIVE;
				GCC_WARN_UNUSED_FUNCTION = YES;
				GCC_WARN_UNUSED_VARIABLE = YES;
				IPHONEOS_DEPLOYMENT_TARGET = 16.2;
				MTL_ENABLE_DEBUG_INFO = INCLUDE_SOURCE;
				MTL_FAST_MATH = YES;
				ONLY_ACTIVE_ARCH = YES;
				SDKROOT = iphoneos;
				SWIFT_ACTIVE_COMPILATION_CONDITIONS = DEBUG;
				SWIFT_OPTIMIZATION_LEVEL = "-Onone";
			};
			name = Debug;
		};
		33069C282D1FA2B600B2C033 /* Release */ = {
			isa = XCBuildConfiguration;
			buildSettings = {
				ALWAYS_SEARCH_USER_PATHS = NO;
				CLANG_ANALYZER_NONNULL = YES;
				CLANG_ANALYZER_NUMBER_OBJECT_CONVERSION = YES_AGGRESSIVE;
				CLANG_CXX_LANGUAGE_STANDARD = "gnu++20";
				CLANG_ENABLE_MODULES = YES;
				CLANG_ENABLE_OBJC_ARC = YES;
				CLANG_ENABLE_OBJC_WEAK = YES;
				CLANG_WARN_BLOCK_CAPTURE_AUTORELEASING = YES;
				CLANG_WARN_BOOL_CONVERSION = YES;
				CLANG_WARN_COMMA = YES;
				CLANG_WARN_CONSTANT_CONVERSION = YES;
				CLANG_WARN_DEPRECATED_OBJC_IMPLEMENTATIONS = YES;
				CLANG_WARN_DIRECT_OBJC_ISA_USAGE = YES_ERROR;
				CLANG_WARN_DOCUMENTATION_COMMENTS = YES;
				CLANG_WARN_EMPTY_BODY = YES;
				CLANG_WARN_ENUM_CONVERSION = YES;
				CLANG_WARN_INFINITE_RECURSION = YES;
				CLANG_WARN_INT_CONVERSION = YES;
				CLANG_WARN_NON_LITERAL_NULL_CONVERSION = YES;
				CLANG_WARN_OBJC_IMPLICIT_RETAIN_SELF = YES;
				CLANG_WARN_OBJC_LITERAL_CONVERSION = YES;
				CLANG_WARN_OBJC_ROOT_CLASS = YES_ERROR;
				CLANG_WARN_QUOTED_INCLUDE_IN_FRAMEWORK_HEADER = YES;
				CLANG_WARN_RANGE_LOOP_ANALYSIS = YES;
				CLANG_WARN_STRICT_PROTOTYPES = YES;
				CLANG_WARN_SUSPICIOUS_MOVE = YES;
				CLANG_WARN_UNGUARDED_AVAILABILITY = YES_AGGRESSIVE;
				CLANG_WARN_UNREACHABLE_CODE = YES;
				CLANG_WARN__DUPLICATE_METHOD_MATCH = YES;
				COPY_PHASE_STRIP = NO;
				DEBUG_INFORMATION_FORMAT = "dwarf-with-dsym";
				ENABLE_NS_ASSERTIONS = NO;
				ENABLE_STRICT_OBJC_MSGSEND = YES;
				GCC_C_LANGUAGE_STANDARD = gnu11;
				GCC_NO_COMMON_BLOCKS = YES;
				GCC_WARN_64_TO_32_BIT_CONVERSION = YES;
				GCC_WARN_ABOUT_RETURN_TYPE = YES_ERROR;
				GCC_WARN_UNDECLARED_SELECTOR = YES;
				GCC_WARN_UNINITIALIZED_AUTOS = YES_AGGRESSIVE;
				GCC_WARN_UNUSED_FUNCTION = YES;
				GCC_WARN_UNUSED_VARIABLE = YES;
				IPHONEOS_DEPLOYMENT_TARGET = 16.2;
				MTL_ENABLE_DEBUG_INFO = NO;
				MTL_FAST_MATH = YES;
				SDKROOT = iphoneos;
				SWIFT_COMPILATION_MODE = wholemodule;
				SWIFT_OPTIMIZATION_LEVEL = "-O";
				VALIDATE_PRODUCT = YES;
			};
			name = Release;
		};
		33069C2A2D1FA2B600B2C033 /* Debug */ = {
			isa = XCBuildConfiguration;
			buildSettings = {
				ASSETCATALOG_COMPILER_APPICON_NAME = AppIcon;
				ASSETCATALOG_COMPILER_GLOBAL_ACCENT_COLOR_NAME = AccentColor;
				CODE_SIGN_STYLE = Automatic;
				CURRENT_PROJECT_VERSION = 1;
				DEVELOPMENT_ASSET_PATHS = "\"Chain-Loop/Preview Content\"";
				ENABLE_PREVIEWS = YES;
				GENERATE_INFOPLIST_FILE = YES;
				INFOPLIST_KEY_UIApplicationSceneManifest_Generation = YES;
				INFOPLIST_KEY_UIApplicationSupportsIndirectInputEvents = YES;
				INFOPLIST_KEY_UILaunchScreen_Generation = YES;
				INFOPLIST_KEY_UISupportedInterfaceOrientations_iPad = "UIInterfaceOrientationPortrait UIInterfaceOrientationPortraitUpsideDown UIInterfaceOrientationLandscapeLeft UIInterfaceOrientationLandscapeRight";
				INFOPLIST_KEY_UISupportedInterfaceOrientations_iPhone = "UIInterfaceOrientationPortrait UIInterfaceOrientationLandscapeLeft UIInterfaceOrientationLandscapeRight";
				LD_RUNPATH_SEARCH_PATHS = (
					"$(inherited)",
					"@executable_path/Frameworks",
				);
				MARKETING_VERSION = 1.0;
				PRODUCT_BUNDLE_IDENTIFIER = "com.jignesh.Chain-Loop";
				PRODUCT_NAME = "$(TARGET_NAME)";
				SWIFT_EMIT_LOC_STRINGS = YES;
				SWIFT_VERSION = 5.0;
				TARGETED_DEVICE_FAMILY = "1,2";
			};
			name = Debug;
		};
		33069C2B2D1FA2B600B2C033 /* Release */ = {
			isa = XCBuildConfiguration;
			buildSettings = {
				ASSETCATALOG_COMPILER_APPICON_NAME = AppIcon;
				ASSETCATALOG_COMPILER_GLOBAL_ACCENT_COLOR_NAME = AccentColor;
				CODE_SIGN_STYLE = Automatic;
				CURRENT_PROJECT_VERSION = 1;
				DEVELOPMENT_ASSET_PATHS = "\"Chain-Loop/Preview Content\"";
				ENABLE_PREVIEWS = YES;
				GENERATE_INFOPLIST_FILE = YES;
				INFOPLIST_KEY_UIApplicationSceneManifest_Generation = YES;
				INFOPLIST_KEY_UIApplicationSupportsIndirectInputEvents = YES;
				INFOPLIST_KEY_UILaunchScreen_Generation = YES;
				INFOPLIST_KEY_UISupportedInterfaceOrientations_iPad = "UIInterfaceOrientationPortrait UIInterfaceOrientationPortraitUpsideDown UIInterfaceOrientationLandscapeLeft UIInterfaceOrientationLandscapeRight";
				INFOPLIST_KEY_UISupportedInterfaceOrientations_iPhone = "UIInterfaceOrientationPortrait UIInterfaceOrientationLandscapeLeft UIInterfaceOrientationLandscapeRight";
				LD_RUNPATH_SEARCH_PATHS = (
					"$(inherited)",
					"@executable_path/Frameworks",
				);
				MARKETING_VERSION = 1.0;
				PRODUCT_BUNDLE_IDENTIFIER = "com.jignesh.Chain-Loop";
				PRODUCT_NAME = "$(TARGET_NAME)";
				SWIFT_EMIT_LOC_STRINGS = YES;
				SWIFT_VERSION = 5.0;
				TARGETED_DEVICE_FAMILY = "1,2";
			};
			name = Release;
		};
		33069C2D2D1FA2B600B2C033 /* Debug */ = {
			isa = XCBuildConfiguration;
			buildSettings = {
				ALWAYS_EMBED_SWIFT_STANDARD_LIBRARIES = YES;
				BUNDLE_LOADER = "$(TEST_HOST)";
				CODE_SIGN_STYLE = Automatic;
				CURRENT_PROJECT_VERSION = 1;
				GENERATE_INFOPLIST_FILE = YES;
				IPHONEOS_DEPLOYMENT_TARGET = 16.2;
				MARKETING_VERSION = 1.0;
				PRODUCT_BUNDLE_IDENTIFIER = "com.jignesh.Chain-LoopTests";
				PRODUCT_NAME = "$(TARGET_NAME)";
				SWIFT_EMIT_LOC_STRINGS = NO;
				SWIFT_VERSION = 5.0;
				TARGETED_DEVICE_FAMILY = "1,2";
				TEST_HOST = "$(BUILT_PRODUCTS_DIR)/Chain-Loop.app/$(BUNDLE_EXECUTABLE_FOLDER_PATH)/Chain-Loop";
			};
			name = Debug;
		};
		33069C2E2D1FA2B600B2C033 /* Release */ = {
			isa = XCBuildConfiguration;
			buildSettings = {
				ALWAYS_EMBED_SWIFT_STANDARD_LIBRARIES = YES;
				BUNDLE_LOADER = "$(TEST_HOST)";
				CODE_SIGN_STYLE = Automatic;
				CURRENT_PROJECT_VERSION = 1;
				GENERATE_INFOPLIST_FILE = YES;
				IPHONEOS_DEPLOYMENT_TARGET = 16.2;
				MARKETING_VERSION = 1.0;
				PRODUCT_BUNDLE_IDENTIFIER = "com.jignesh.Chain-LoopTests";
				PRODUCT_NAME = "$(TARGET_NAME)";
				SWIFT_EMIT_LOC_STRINGS = NO;
				SWIFT_VERSION = 5.0;
				TARGETED_DEVICE_FAMILY = "1,2";
				TEST_HOST = "$(BUILT_PRODUCTS_DIR)/Chain-Loop.app/$(BUNDLE_EXECUTABLE_FOLDER_PATH)/Chain-Loop";
			};
			name = Release;
		};
		33069C302D1FA2B600B2C033 /* Debug */ = {
			isa = XCBuildConfiguration;
			buildSettings = {
				ALWAYS_EMBED_SWIFT_STANDARD_LIBRARIES = YES;
				CODE_SIGN_STYLE = Automatic;
				CURRENT_PROJECT_VERSION = 1;
				GENERATE_INFOPLIST_FILE = YES;
				MARKETING_VERSION = 1.0;
				PRODUCT_BUNDLE_IDENTIFIER = "com.jignesh.Chain-LoopUITests";
				PRODUCT_NAME = "$(TARGET_NAME)";
				SWIFT_EMIT_LOC_STRINGS = NO;
				SWIFT_VERSION = 5.0;
				TARGETED_DEVICE_FAMILY = "1,2";
				TEST_TARGET_NAME = "Chain-Loop";
			};
			name = Debug;
		};
		33069C312D1FA2B600B2C033 /* Release */ = {
			isa = XCBuildConfiguration;
			buildSettings = {
				ALWAYS_EMBED_SWIFT_STANDARD_LIBRARIES = YES;
				CODE_SIGN_STYLE = Automatic;
				CURRENT_PROJECT_VERSION = 1;
				GENERATE_INFOPLIST_FILE = YES;
				MARKETING_VERSION = 1.0;
				PRODUCT_BUNDLE_IDENTIFIER = "com.jignesh.Chain-LoopUITests";
				PRODUCT_NAME = "$(TARGET_NAME)";
				SWIFT_EMIT_LOC_STRINGS = NO;
				SWIFT_VERSION = 5.0;
				TARGETED_DEVICE_FAMILY = "1,2";
				TEST_TARGET_NAME = "Chain-Loop";
			};
			name = Release;
		};
/* End XCBuildConfiguration section */

/* Begin XCConfigurationList section */
		33069C002D1FA2B000B2C033 /* Build configuration list for PBXProject "Chain-Loop" */ = {
			isa = XCConfigurationList;
			buildConfigurations = (
				33069C272D1FA2B600B2C033 /* Debug */,
				33069C282D1FA2B600B2C033 /* Release */,
			);
			defaultConfigurationIsVisible = 0;
			defaultConfigurationName = Release;
		};
		33069C292D1FA2B600B2C033 /* Build configuration list for PBXNativeTarget "Chain-Loop" */ = {
			isa = XCConfigurationList;
			buildConfigurations = (
				33069C2A2D1FA2B600B2C033 /* Debug */,
				33069C2B2D1FA2B600B2C033 /* Release */,
			);
			defaultConfigurationIsVisible = 0;
			defaultConfigurationName = Release;
		};
		33069C2C2D1FA2B600B2C033 /* Build configuration list for PBXNativeTarget "Chain-LoopTests" */ = {
			isa = XCConfigurationList;
			buildConfigurations = (
				33069C2D2D1FA2B600B2C033 /* Debug */,
				33069C2E2D1FA2B600B2C033 /* Release */,
			);
			defaultConfigurationIsVisible = 0;
			defaultConfigurationName = Release;
		};
		33069C2F2D1FA2B600B2C033 /* Build configuration list for PBXNativeTarget "Chain-LoopUITests" */ = {
			isa = XCConfigurationList;
			buildConfigurations = (
				33069C302D1FA2B600B2C033 /* Debug */,
				33069C312D1FA2B600B2C033 /* Release */,
			);
			defaultConfigurationIsVisible = 0;
			defaultConfigurationName = Release;
		};
/* End XCConfigurationList section */

/* Begin XCRemoteSwiftPackageReference section */
		33A5B5C22D22D557003D3FD0 /* XCRemoteSwiftPackageReference "firebase-ios-sdk" */ = {
			isa = XCRemoteSwiftPackageReference;
			repositoryURL = "https://github.com/firebase/firebase-ios-sdk";
			requirement = {
				kind = upToNextMajorVersion;
				minimumVersion = 9.0.0;
			};
		};
/* End XCRemoteSwiftPackageReference section */

/* Begin XCSwiftPackageProductDependency section */
		33A5B5C32D22D557003D3FD0 /* FirebaseAuth */ = {
			isa = XCSwiftPackageProductDependency;
			package = 33A5B5C22D22D557003D3FD0 /* XCRemoteSwiftPackageReference "firebase-ios-sdk" */;
			productName = FirebaseAuth;
		};
		33A5B5C52D22D557003D3FD0 /* FirebaseFirestore */ = {
			isa = XCSwiftPackageProductDependency;
			package = 33A5B5C22D22D557003D3FD0 /* XCRemoteSwiftPackageReference "firebase-ios-sdk" */;
			productName = FirebaseFirestore;
		};
		33A5B5C72D22D557003D3FD0 /* FirebaseFirestoreCombine-Community */ = {
			isa = XCSwiftPackageProductDependency;
			package = 33A5B5C22D22D557003D3FD0 /* XCRemoteSwiftPackageReference "firebase-ios-sdk" */;
			productName = "FirebaseFirestoreCombine-Community";
		};
		33A5B5C92D22D557003D3FD0 /* FirebaseFirestoreSwift */ = {
			isa = XCSwiftPackageProductDependency;
			package = 33A5B5C22D22D557003D3FD0 /* XCRemoteSwiftPackageReference "firebase-ios-sdk" */;
			productName = FirebaseFirestoreSwift;
		};
		33A5B5CB2D22D557003D3FD0 /* FirebaseStorage */ = {
			isa = XCSwiftPackageProductDependency;
			package = 33A5B5C22D22D557003D3FD0 /* XCRemoteSwiftPackageReference "firebase-ios-sdk" */;
			productName = FirebaseStorage;
		};
/* End XCSwiftPackageProductDependency section */
	};
	rootObject = 33069BFD2D1FA2B000B2C033 /* Project object */;
}
